
Microsoft Visual Studio Solution File, Format Version 12.00
# Visual Studio Version 16
VisualStudioVersion = 16.0.29519.181
MinimumVisualStudioVersion = 10.0.40219.1
Project("{9A19103F-16F7-4668-BE54-9A1E7A4F7556}") = "Algorithms", "Algorithms\Algorithms.csproj", "{942BBD38-2CAC-40BE-A064-ED70D25D7CBC}"
EndProject
Project("{9A19103F-16F7-4668-BE54-9A1E7A4F7556}") = "AlgorithmsTest", "AlgorithmsTest\AlgorithmsTest.csproj", "{FA5C6925-023D-44B3-BF15-5B8B0AC9EC92}"
EndProject
Global
	GlobalSection(SolutionConfigurationPlatforms) = preSolution
		Debug|Any CPU = Debug|Any CPU
		Release|Any CPU = Release|Any CPU
	EndGlobalSection
	GlobalSection(ProjectConfigurationPlatforms) = postSolution
		{942BBD38-2CAC-40BE-A064-ED70D25D7CBC}.Debug|Any CPU.ActiveCfg = Debug|Any CPU
		{942BBD38-2CAC-40BE-A064-ED70D25D7CBC}.Debug|Any CPU.Build.0 = Debug|Any CPU
		{942BBD38-2CAC-40BE-A064-ED70D25D7CBC}.Release|Any CPU.ActiveCfg = Release|Any CPU
		{942BBD38-2CAC-40BE-A064-ED70D25D7CBC}.Release|Any CPU.Build.0 = Release|Any CPU
		{FA5C6925-023D-44B3-BF15-5B8B0AC9EC92}.Debug|Any CPU.ActiveCfg = Debug|Any CPU
		{FA5C6925-023D-44B3-BF15-5B8B0AC9EC92}.Debug|Any CPU.Build.0 = Debug|Any CPU
		{FA5C6925-023D-44B3-BF15-5B8B0AC9EC92}.Release|Any CPU.ActiveCfg = Release|Any CPU
		{FA5C6925-023D-44B3-BF15-5B8B0AC9EC92}.Release|Any CPU.Build.0 = Release|Any CPU
	EndGlobalSection
	GlobalSection(SolutionProperties) = preSolution
		HideSolutionNode = FALSE
	EndGlobalSection
	GlobalSection(ExtensibilityGlobals) = postSolution
		SolutionGuid = {104D484E-91CB-4980-AB7A-2F2125C2C463}
	EndGlobalSection
EndGlobal
